<?xml version="1.0" encoding="utf-8"?>
<Project ToolsVersion="4.0" xmlns="http://schemas.microsoft.com/developer/msbuild/2003">
  <ItemGroup>
    <Filter Include="Quelldateien">
      <UniqueIdentifier>{4FC737F1-C7A5-4376-A066-2A32D752A2FF}</UniqueIdentifier>
      <Extensions>cpp;c;cc;cxx;c++;cppm;ixx;def;odl;idl;hpj;bat;asm;asmx</Extensions>
    </Filter>
    <Filter Include="Headerdateien">
      <UniqueIdentifier>{93995380-89BD-4b04-88EB-625FBE52EBFB}</UniqueIdentifier>
      <Extensions>h;hh;hpp;hxx;h++;hm;inl;inc;ipp;xsd</Extensions>
    </Filter>
    <Filter Include="Ressourcendateien">
      <UniqueIdentifier>{67DA6AB6-F800-4c08-8B7A-83BB121AAD01}</UniqueIdentifier>
      <Extensions>rc;ico;cur;bmp;dlg;rc2;rct;bin;rgs;gif;jpg;jpeg;jpe;resx;tiff;tif;png;wav;mfcribbon-ms</Extensions>
    </Filter>
  </ItemGroup>
  <ItemGroup>
    <ClInclude Include="FiberAlignProjectVS.h">
      <Filter>Headerdateien</Filter>
    </ClInclude>
    <ClInclude Include="FiberAlignProjectVSDlg.h">
      <Filter>Headerdateien</Filter>
    </ClInclude>
    <ClInclude Include="framework.h">
      <Filter>Headerdateien</Filter>
    </ClInclude>
    <ClInclude Include="targetver.h">
      <Filter>Headerdateien</Filter>
    </ClInclude>
    <ClInclude Include="Resource.h">
      <Filter>Headerdateien</Filter>
    </ClInclude>
    <ClInclude Include="pch.h">
      <Filter>Headerdateien</Filter>
    </ClInclude>
    <ClInclude Include="CMGPIEZOCTRL1.h">
      <Filter>Headerdateien</Filter>
    </ClInclude>
    <ClInclude Include="CMGPIEZOCTRL2.h">
      <Filter>Headerdateien</Filter>
    </ClInclude>
    <ClInclude Include="CMGPIEZOCTRL3.h">
      <Filter>Headerdateien</Filter>
    </ClInclude>
    <ClInclude Include="CMGMOTORCTRL1.h">
      <Filter>Headerdateien</Filter>
    </ClInclude>
    <ClInclude Include="CMGMOTORCTRL2.h">
      <Filter>Headerdateien</Filter>
    </ClInclude>
    <ClInclude Include="CMGMOTORCTRL3.h">
      <Filter>Headerdateien</Filter>
    </ClInclude>
    <ClInclude Include="CMGMOTORCTRL4.h">
      <Filter>Headerdateien</Filter>
    </ClInclude>
    <ClInclude Include="CLABEL1.h">
      <Filter>Headerdateien</Filter>
    </ClInclude>
    <ClInclude Include="CCOMMANDBUTTON1.h">
      <Filter>Headerdateien</Filter>
    </ClInclude>
    <ClInclude Include="CLABEL3.h">
      <Filter>Headerdateien</Filter>
    </ClInclude>
    <ClInclude Include="CLABEL2.h">
      <Filter>Headerdateien</Filter>
    </ClInclude>
    <ClInclude Include="CCOMMANDBUTTON2.h">
      <Filter>Headerdateien</Filter>
    </ClInclude>
    <ClInclude Include="CLABEL4.h">
      <Filter>Headerdateien</Filter>
    </ClInclude>
    <ClInclude Include="CLABEL5.h">
      <Filter>Headerdateien</Filter>
    </ClInclude>
    <ClInclude Include="CLABEL6.h">
      <Filter>Headerdateien</Filter>
    </ClInclude>
    <ClInclude Include="CCOMMANDBUTTON3.h">
      <Filter>Headerdateien</Filter>
    </ClInclude>
    <ClInclude Include="CCOMMANDBUTTON4.h">
      <Filter>Headerdateien</Filter>
    </ClInclude>
    <ClInclude Include="CCOMBOBOX1.h">
      <Filter>Headerdateien</Filter>
    </ClInclude>
    <ClInclude Include="CLABEL7.h">
      <Filter>Headerdateien</Filter>
    </ClInclude>
    <ClInclude Include="CMG17LOGGERCTRL1.h">
      <Filter>Headerdateien</Filter>
    </ClInclude>
    <ClInclude Include="CLABEL11.h">
      <Filter>Headerdateien</Filter>
    </ClInclude>
    <ClInclude Include="CLABEL12.h">
      <Filter>Headerdateien</Filter>
    </ClInclude>
    <ClInclude Include="CCOMMANDBUTTON6.h">
      <Filter>Headerdateien</Filter>
    </ClInclude>
    <ClInclude Include="CCOMMANDBUTTON7.h">
      <Filter>Headerdateien</Filter>
    </ClInclude>
    <ClInclude Include="CCOMMANDBUTTON8.h">
      <Filter>Headerdateien</Filter>
    </ClInclude>
    <ClInclude Include="CLABEL14.h">
      <Filter>Headerdateien</Filter>
    </ClInclude>
  </ItemGroup>
  <ItemGroup>
    <ClCompile Include="FiberAlignProjectVS.cpp">
      <Filter>Quelldateien</Filter>
    </ClCompile>
    <ClCompile Include="FiberAlignProjectVSDlg.cpp">
      <Filter>Quelldateien</Filter>
    </ClCompile>
    <ClCompile Include="pch.cpp">
      <Filter>Quelldateien</Filter>
    </ClCompile>
    <ClCompile Include="CMGPIEZOCTRL1.cpp">
      <Filter>Quelldateien</Filter>
    </ClCompile>
    <ClCompile Include="CMGPIEZOCTRL2.cpp">
      <Filter>Quelldateien</Filter>
    </ClCompile>
    <ClCompile Include="CMGPIEZOCTRL3.cpp">
      <Filter>Quelldateien</Filter>
    </ClCompile>
    <ClCompile Include="CMGMOTORCTRL1.cpp">
      <Filter>Quelldateien</Filter>
    </ClCompile>
    <ClCompile Include="CMGMOTORCTRL2.cpp">
      <Filter>Quelldateien</Filter>
    </ClCompile>
    <ClCompile Include="CMGMOTORCTRL3.cpp">
      <Filter>Quelldateien</Filter>
    </ClCompile>
    <ClCompile Include="CMGMOTORCTRL4.cpp">
      <Filter>Quelldateien</Filter>
    </ClCompile>
    <ClCompile Include="CLABEL1.cpp">
      <Filter>Quelldateien</Filter>
    </ClCompile>
    <ClCompile Include="CCOMMANDBUTTON1.cpp">
      <Filter>Quelldateien</Filter>
    </ClCompile>
    <ClCompile Include="CLABEL3.cpp">
      <Filter>Quelldateien</Filter>
    </ClCompile>
    <ClCompile Include="CLABEL2.cpp">
      <Filter>Quelldateien</Filter>
    </ClCompile>
    <ClCompile Include="CCOMMANDBUTTON2.cpp">
      <Filter>Quelldateien</Filter>
    </ClCompile>
    <ClCompile Include="CLABEL4.cpp">
      <Filter>Quelldateien</Filter>
    </ClCompile>
    <ClCompile Include="CLABEL5.cpp">
      <Filter>Quelldateien</Filter>
    </ClCompile>
    <ClCompile Include="CLABEL6.cpp">
      <Filter>Quelldateien</Filter>
    </ClCompile>
    <ClCompile Include="CCOMMANDBUTTON3.cpp">
      <Filter>Quelldateien</Filter>
    </ClCompile>
    <ClCompile Include="CCOMMANDBUTTON4.cpp">
      <Filter>Quelldateien</Filter>
    </ClCompile>
    <ClCompile Include="CCOMBOBOX1.cpp">
      <Filter>Quelldateien</Filter>
    </ClCompile>
    <ClCompile Include="CLABEL7.cpp">
      <Filter>Quelldateien</Filter>
    </ClCompile>
    <ClCompile Include="CMG17LOGGERCTRL1.cpp">
      <Filter>Quelldateien</Filter>
    </ClCompile>
    <ClCompile Include="CLABEL11.cpp">
      <Filter>Quelldateien</Filter>
    </ClCompile>
    <ClCompile Include="CLABEL12.cpp">
      <Filter>Quelldateien</Filter>
    </ClCompile>
    <ClCompile Include="CCOMMANDBUTTON6.cpp">
      <Filter>Quelldateien</Filter>
    </ClCompile>
    <ClCompile Include="CCOMMANDBUTTON7.cpp">
      <Filter>Quelldateien</Filter>
    </ClCompile>
    <ClCompile Include="CCOMMANDBUTTON8.cpp">
      <Filter>Quelldateien</Filter>
    </ClCompile>
    <ClCompile Include="CLABEL14.cpp">
      <Filter>Quelldateien</Filter>
    </ClCompile>
  </ItemGroup>
  <ItemGroup>
    <ResourceCompile Include="FiberAlignProjectVS.rc">
      <Filter>Ressourcendateien</Filter>
    </ResourceCompile>
  </ItemGroup>
  <ItemGroup>
    <None Include="res\FiberAlignProjectVS.rc2">
      <Filter>Ressourcendateien</Filter>
    </None>
  </ItemGroup>
  <ItemGroup>
    <Image Include="res\FiberAlignProjectVS.ico">
      <Filter>Ressourcendateien</Filter>
    </Image>
  </ItemGroup>
</Project>